
Microsoft Visual Studio Solution File, Format Version 12.00
# Visual Studio Version 17
VisualStudioVersion = 17.5.33516.290
MinimumVisualStudioVersion = 10.0.40219.1
Project("{9A19103F-16F7-4668-BE54-9A1E7A4F7556}") = "CustomList", "CustomList\CustomList.csproj", "{CD646515-A0B3-4D0C-A5AF-21700A3C0D36}"
EndProject
Project("{FAE04EC0-301F-11D3-BF4B-00C04F79EFBC}") = "CustomListTests", "CustomListTests\CustomListTests.csproj", "{8503C4F0-C976-4A98-8E8C-CFC5024B637E}"
EndProject
Global
	GlobalSection(SolutionConfigurationPlatforms) = preSolution
		Debug|Any CPU = Debug|Any CPU
		Release|Any CPU = Release|Any CPU
	EndGlobalSection
	GlobalSection(ProjectConfigurationPlatforms) = postSolution
		{CD646515-A0B3-4D0C-A5AF-21700A3C0D36}.Debug|Any CPU.ActiveCfg = Debug|Any CPU
		{CD646515-A0B3-4D0C-A5AF-21700A3C0D36}.Debug|Any CPU.Build.0 = Debug|Any CPU
		{CD646515-A0B3-4D0C-A5AF-21700A3C0D36}.Release|Any CPU.ActiveCfg = Release|Any CPU
		{CD646515-A0B3-4D0C-A5AF-21700A3C0D36}.Release|Any CPU.Build.0 = Release|Any CPU
		{8503C4F0-C976-4A98-8E8C-CFC5024B637E}.Debug|Any CPU.ActiveCfg = Debug|Any CPU
		{8503C4F0-C976-4A98-8E8C-CFC5024B637E}.Debug|Any CPU.Build.0 = Debug|Any CPU
		{8503C4F0-C976-4A98-8E8C-CFC5024B637E}.Release|Any CPU.ActiveCfg = Release|Any CPU
		{8503C4F0-C976-4A98-8E8C-CFC5024B637E}.Release|Any CPU.Build.0 = Release|Any CPU
	EndGlobalSection
	GlobalSection(SolutionProperties) = preSolution
		HideSolutionNode = FALSE
	EndGlobalSection
	GlobalSection(ExtensibilityGlobals) = postSolution
		SolutionGuid = {3FAA9217-E25A-4787-812F-3C0B2FFB45AF}
	EndGlobalSection
EndGlobal
